
Microsoft Visual Studio Solution File, Format Version 12.00
# Visual Studio 15
VisualStudioVersion = 15.0.28124.53
MinimumVisualStudioVersion = 10.0.40219.1
Project("{9A19103F-16F7-4668-BE54-9A1E7A4F7556}") = "Cogito.QuickGraph", "Cogito.QuickGraph\Cogito.QuickGraph.csproj", "{7D125C67-7378-420C-9EBD-86E5F0318CAF}"
EndProject
Project("{FAE04EC0-301F-11D3-BF4B-00C04F79EFBC}") = "Cogito.QuickGraph.Tests", "Cogito.QuickGraph.Tests\Cogito.QuickGraph.Tests.csproj", "{B6AD0F15-143D-4358-A8CC-839C3811C016}"
EndProject
Project("{2150E333-8FDC-42A3-9474-1A3956D46DE8}") = "Solution Items", "Solution Items", "{78EFEE05-6536-44F2-8C3F-DD5D6AE07D72}"
	ProjectSection(SolutionItems) = preProject
		appveyor.yml = appveyor.yml
	EndProjectSection
EndProject
Global
	GlobalSection(SolutionConfigurationPlatforms) = preSolution
		Debug|Any CPU = Debug|Any CPU
		Release|Any CPU = Release|Any CPU
	EndGlobalSection
	GlobalSection(ProjectConfigurationPlatforms) = postSolution
		{7D125C67-7378-420C-9EBD-86E5F0318CAF}.Debug|Any CPU.ActiveCfg = Debug|Any CPU
		{7D125C67-7378-420C-9EBD-86E5F0318CAF}.Debug|Any CPU.Build.0 = Debug|Any CPU
		{7D125C67-7378-420C-9EBD-86E5F0318CAF}.Release|Any CPU.ActiveCfg = Release|Any CPU
		{7D125C67-7378-420C-9EBD-86E5F0318CAF}.Release|Any CPU.Build.0 = Release|Any CPU
		{B6AD0F15-143D-4358-A8CC-839C3811C016}.Debug|Any CPU.ActiveCfg = Debug|Any CPU
		{B6AD0F15-143D-4358-A8CC-839C3811C016}.Debug|Any CPU.Build.0 = Debug|Any CPU
		{B6AD0F15-143D-4358-A8CC-839C3811C016}.Release|Any CPU.ActiveCfg = Release|Any CPU
		{B6AD0F15-143D-4358-A8CC-839C3811C016}.Release|Any CPU.Build.0 = Release|Any CPU
	EndGlobalSection
	GlobalSection(SolutionProperties) = preSolution
		HideSolutionNode = FALSE
	EndGlobalSection
	GlobalSection(ExtensibilityGlobals) = postSolution
		SolutionGuid = {B62D7E90-9BA0-4DA0-95A7-1908C170FC82}
	EndGlobalSection
EndGlobal
