
Microsoft Visual Studio Solution File, Format Version 12.00
# Visual Studio 15
VisualStudioVersion = 15.0.28124.53
MinimumVisualStudioVersion = 10.0.40219.1
Project("{FAE04EC0-301F-11D3-BF4B-00C04F79EFBC}") = "ConsoleApp5", "ConsoleApp5\ConsoleApp5.csproj", "{22E0ADFD-A959-4D73-8DF9-4A825BB92E03}"
EndProject
Global
	GlobalSection(SolutionConfigurationPlatforms) = preSolution
		Debug|Any CPU = Debug|Any CPU
		Release|Any CPU = Release|Any CPU
	EndGlobalSection
	GlobalSection(ProjectConfigurationPlatforms) = postSolution
		{22E0ADFD-A959-4D73-8DF9-4A825BB92E03}.Debug|Any CPU.ActiveCfg = Debug|Any CPU
		{22E0ADFD-A959-4D73-8DF9-4A825BB92E03}.Debug|Any CPU.Build.0 = Debug|Any CPU
		{22E0ADFD-A959-4D73-8DF9-4A825BB92E03}.Release|Any CPU.ActiveCfg = Release|Any CPU
		{22E0ADFD-A959-4D73-8DF9-4A825BB92E03}.Release|Any CPU.Build.0 = Release|Any CPU
	EndGlobalSection
	GlobalSection(SolutionProperties) = preSolution
		HideSolutionNode = FALSE
	EndGlobalSection
	GlobalSection(ExtensibilityGlobals) = postSolution
		SolutionGuid = {B62D7E90-9BA0-4DA0-95A7-1908C170FC82}
	EndGlobalSection
EndGlobal
